
Microsoft Visual Studio Solution File, Format Version 12.00
# Visual Studio Version 17
VisualStudioVersion = 17.9.34728.123
MinimumVisualStudioVersion = 10.0.40219.1
Project("{FAE04EC0-301F-11D3-BF4B-00C04F79EFBC}") = "otelim", "otelim\otelim.csproj", "{2BAD617F-DD3D-4BE2-AF87-D95BCD531DCE}"
EndProject
Global
	GlobalSection(SolutionConfigurationPlatforms) = preSolution
		Debug|Any CPU = Debug|Any CPU
		Release|Any CPU = Release|Any CPU
	EndGlobalSection
	GlobalSection(ProjectConfigurationPlatforms) = postSolution
		{2BAD617F-DD3D-4BE2-AF87-D95BCD531DCE}.Debug|Any CPU.ActiveCfg = Debug|Any CPU
		{2BAD617F-DD3D-4BE2-AF87-D95BCD531DCE}.Debug|Any CPU.Build.0 = Debug|Any CPU
		{2BAD617F-DD3D-4BE2-AF87-D95BCD531DCE}.Release|Any CPU.ActiveCfg = Release|Any CPU
		{2BAD617F-DD3D-4BE2-AF87-D95BCD531DCE}.Release|Any CPU.Build.0 = Release|Any CPU
	EndGlobalSection
	GlobalSection(SolutionProperties) = preSolution
		HideSolutionNode = FALSE
	EndGlobalSection
	GlobalSection(ExtensibilityGlobals) = postSolution
		SolutionGuid = {F517971B-3AA7-4885-9837-B28FBAA3260C}
	EndGlobalSection
EndGlobal
